
Microsoft Visual Studio Solution File, Format Version 12.00
# Visual Studio Version 16
VisualStudioVersion = 16.0.31229.75
MinimumVisualStudioVersion = 10.0.40219.1
Project("{FAE04EC0-301F-11D3-BF4B-00C04F79EFBC}") = "Test.Week3", "Test.Week3\Test.Week3.csproj", "{0C107350-07AE-4593-B5FD-A545020E3ECE}"
EndProject
Global
	GlobalSection(SolutionConfigurationPlatforms) = preSolution
		Debug|Any CPU = Debug|Any CPU
		Release|Any CPU = Release|Any CPU
	EndGlobalSection
	GlobalSection(ProjectConfigurationPlatforms) = postSolution
		{0C107350-07AE-4593-B5FD-A545020E3ECE}.Debug|Any CPU.ActiveCfg = Debug|Any CPU
		{0C107350-07AE-4593-B5FD-A545020E3ECE}.Debug|Any CPU.Build.0 = Debug|Any CPU
		{0C107350-07AE-4593-B5FD-A545020E3ECE}.Release|Any CPU.ActiveCfg = Release|Any CPU
		{0C107350-07AE-4593-B5FD-A545020E3ECE}.Release|Any CPU.Build.0 = Release|Any CPU
	EndGlobalSection
	GlobalSection(SolutionProperties) = preSolution
		HideSolutionNode = FALSE
	EndGlobalSection
	GlobalSection(ExtensibilityGlobals) = postSolution
		SolutionGuid = {4F1C3C1D-EADE-4D85-A2AC-C7A81E0DEC6B}
	EndGlobalSection
EndGlobal
